DEPENDENCIES
  anyenv
    git: https://github.com/uzyexe/chef-anyenv.git
    revision: e2d59bccc17b1d0d55a0678b94ff2697d63cad3a
  dmg
  docker
  homebrew
  openssl
  packages
  vagrant

GRAPH
  anyenv (0.1.0)
  build-essential (7.0.2)
    compat_resource (>= 12.14)
    mingw (>= 1.1)
    seven_zip (>= 0.0.0)
  chef_handler (2.0.0)
  compat_resource (12.16.2)
  dmg (3.0.0)
  docker (2.13.0)
    compat_resource (>= 12.16.2)
  homebrew (2.1.2)
    build-essential (>= 2.1.2)
  mingw (1.2.4)
    compat_resource (>= 0.0.0)
    seven_zip (>= 0.0.0)
  openssl (6.0.0)
  packages (1.0.0)
  seven_zip (2.0.2)
    windows (>= 1.2.2)
  vagrant (0.6.0)
    dmg (>= 2.2.2)
    windows (~> 1.38)
  windows (1.44.3)
    chef_handler (>= 0.0.0)
